
Microsoft Visual Studio Solution File, Format Version 12.00
# Visual Studio Version 17
VisualStudioVersion = 17.3.32804.467
MinimumVisualStudioVersion = 10.0.40219.1
Project("{9A19103F-16F7-4668-BE54-9A1E7A4F7556}") = "HasConversion", "EntityFrameworkCoreHasConversion\HasConversion.csproj", "{17144FDD-BCBA-4078-87EF-526A0705F7A6}"
EndProject
Project("{2150E333-8FDC-42A3-9474-1A3956D46DE8}") = "Solution Items", "Solution Items", "{71D46608-F9E5-46B1-92ED-2BC93D567FD4}"
	ProjectSection(SolutionItems) = preProject
		Word\Lesson.docx = Word\Lesson.docx
		projectsReadme.md = projectsReadme.md
		readme.md = readme.md
	EndProjectSection
EndProject
Project("{9A19103F-16F7-4668-BE54-9A1E7A4F7556}") = "ConventionalApp", "ConventionalApp\ConventionalApp.csproj", "{0F86519A-986D-4465-A010-18C1FC2EB233}"
EndProject
Project("{9A19103F-16F7-4668-BE54-9A1E7A4F7556}") = "EntityFrameworkApp", "EntityFrameworkApp\EntityFrameworkApp.csproj", "{E71D6465-F16A-4F6C-86AD-3E8873243388}"
EndProject
Project("{9A19103F-16F7-4668-BE54-9A1E7A4F7556}") = "EF.ValidationResultExample", "EF.ValidationResultExample\EF.ValidationResultExample.csproj", "{607EDB6E-07A6-477F-A035-96FB04800F23}"
EndProject
Project("{9A19103F-16F7-4668-BE54-9A1E7A4F7556}") = "Console1", "Console1\Console1.csproj", "{7A188EA4-E4B1-4C05-8346-A652CF70790C}"
EndProject
Project("{9A19103F-16F7-4668-BE54-9A1E7A4F7556}") = "BooksLibrary", "BooksLibrary\BooksLibrary.csproj", "{10B3827F-1D13-420A-81A7-1491C6BBFD1D}"
EndProject
Project("{9A19103F-16F7-4668-BE54-9A1E7A4F7556}") = "BooksConsoleApp", "BooksConsoleApp\BooksConsoleApp.csproj", "{75CAC069-131B-44B4-A258-657333BD9DFF}"
EndProject
Project("{9A19103F-16F7-4668-BE54-9A1E7A4F7556}") = "DateOnlyApp", "EntityFrameworkCoreDateOnly\DateOnlyApp.csproj", "{26AB2C65-E806-4A5B-83A1-4C3195D6BA4C}"
EndProject
Project("{2150E333-8FDC-42A3-9474-1A3956D46DE8}") = "EF Core 5", "EF Core 5", "{95D18DAC-F5E8-4D54-8D8D-A10248F1A9AC}"
EndProject
Project("{2150E333-8FDC-42A3-9474-1A3956D46DE8}") = "EF Core 6", "EF Core 6", "{D89EF54D-7276-49CC-8DF0-DC4AD85A5BD5}"
EndProject
Project("{9A19103F-16F7-4668-BE54-9A1E7A4F7556}") = "EntityFrameworkCoreHelpers", "EntityFrameworkCoreHelpers\EntityFrameworkCoreHelpers.csproj", "{35F0C1D8-331F-49EB-806C-D55D4E5D2B33}"
EndProject
Project("{9A19103F-16F7-4668-BE54-9A1E7A4F7556}") = "ValueConversionsEncryptProperty", "ValueConversionsEncryptProperty\ValueConversionsEncryptProperty.csproj", "{10CCB169-F5CF-4CDC-9A1C-A3366BD4340F}"
EndProject
Project("{2150E333-8FDC-42A3-9474-1A3956D46DE8}") = "EF Core 7", "EF Core 7", "{719D2965-1612-4496-9526-B717E3D0D36D}"
EndProject
Global
	GlobalSection(SolutionConfigurationPlatforms) = preSolution
		Debug|Any CPU = Debug|Any CPU
		Release|Any CPU = Release|Any CPU
	EndGlobalSection
	GlobalSection(ProjectConfigurationPlatforms) = postSolution
		{17144FDD-BCBA-4078-87EF-526A0705F7A6}.Debug|Any CPU.ActiveCfg = Debug|Any CPU
		{17144FDD-BCBA-4078-87EF-526A0705F7A6}.Debug|Any CPU.Build.0 = Debug|Any CPU
		{17144FDD-BCBA-4078-87EF-526A0705F7A6}.Release|Any CPU.ActiveCfg = Release|Any CPU
		{17144FDD-BCBA-4078-87EF-526A0705F7A6}.Release|Any CPU.Build.0 = Release|Any CPU
		{0F86519A-986D-4465-A010-18C1FC2EB233}.Debug|Any CPU.ActiveCfg = Debug|Any CPU
		{0F86519A-986D-4465-A010-18C1FC2EB233}.Debug|Any CPU.Build.0 = Debug|Any CPU
		{0F86519A-986D-4465-A010-18C1FC2EB233}.Release|Any CPU.ActiveCfg = Release|Any CPU
		{0F86519A-986D-4465-A010-18C1FC2EB233}.Release|Any CPU.Build.0 = Release|Any CPU
		{E71D6465-F16A-4F6C-86AD-3E8873243388}.Debug|Any CPU.ActiveCfg = Debug|Any CPU
		{E71D6465-F16A-4F6C-86AD-3E8873243388}.Debug|Any CPU.Build.0 = Debug|Any CPU
		{E71D6465-F16A-4F6C-86AD-3E8873243388}.Release|Any CPU.ActiveCfg = Release|Any CPU
		{E71D6465-F16A-4F6C-86AD-3E8873243388}.Release|Any CPU.Build.0 = Release|Any CPU
		{607EDB6E-07A6-477F-A035-96FB04800F23}.Debug|Any CPU.ActiveCfg = Debug|Any CPU
		{607EDB6E-07A6-477F-A035-96FB04800F23}.Debug|Any CPU.Build.0 = Debug|Any CPU
		{607EDB6E-07A6-477F-A035-96FB04800F23}.Release|Any CPU.ActiveCfg = Release|Any CPU
		{607EDB6E-07A6-477F-A035-96FB04800F23}.Release|Any CPU.Build.0 = Release|Any CPU
		{7A188EA4-E4B1-4C05-8346-A652CF70790C}.Debug|Any CPU.ActiveCfg = Debug|Any CPU
		{7A188EA4-E4B1-4C05-8346-A652CF70790C}.Debug|Any CPU.Build.0 = Debug|Any CPU
		{7A188EA4-E4B1-4C05-8346-A652CF70790C}.Release|Any CPU.ActiveCfg = Release|Any CPU
		{7A188EA4-E4B1-4C05-8346-A652CF70790C}.Release|Any CPU.Build.0 = Release|Any CPU
		{10B3827F-1D13-420A-81A7-1491C6BBFD1D}.Debug|Any CPU.ActiveCfg = Debug|Any CPU
		{10B3827F-1D13-420A-81A7-1491C6BBFD1D}.Debug|Any CPU.Build.0 = Debug|Any CPU
		{10B3827F-1D13-420A-81A7-1491C6BBFD1D}.Release|Any CPU.ActiveCfg = Release|Any CPU
		{10B3827F-1D13-420A-81A7-1491C6BBFD1D}.Release|Any CPU.Build.0 = Release|Any CPU
		{75CAC069-131B-44B4-A258-657333BD9DFF}.Debug|Any CPU.ActiveCfg = Debug|Any CPU
		{75CAC069-131B-44B4-A258-657333BD9DFF}.Debug|Any CPU.Build.0 = Debug|Any CPU
		{75CAC069-131B-44B4-A258-657333BD9DFF}.Release|Any CPU.ActiveCfg = Release|Any CPU
		{75CAC069-131B-44B4-A258-657333BD9DFF}.Release|Any CPU.Build.0 = Release|Any CPU
		{26AB2C65-E806-4A5B-83A1-4C3195D6BA4C}.Debug|Any CPU.ActiveCfg = Debug|Any CPU
		{26AB2C65-E806-4A5B-83A1-4C3195D6BA4C}.Debug|Any CPU.Build.0 = Debug|Any CPU
		{26AB2C65-E806-4A5B-83A1-4C3195D6BA4C}.Release|Any CPU.ActiveCfg = Release|Any CPU
		{26AB2C65-E806-4A5B-83A1-4C3195D6BA4C}.Release|Any CPU.Build.0 = Release|Any CPU
		{35F0C1D8-331F-49EB-806C-D55D4E5D2B33}.Debug|Any CPU.ActiveCfg = Debug|Any CPU
		{35F0C1D8-331F-49EB-806C-D55D4E5D2B33}.Debug|Any CPU.Build.0 = Debug|Any CPU
		{35F0C1D8-331F-49EB-806C-D55D4E5D2B33}.Release|Any CPU.ActiveCfg = Release|Any CPU
		{35F0C1D8-331F-49EB-806C-D55D4E5D2B33}.Release|Any CPU.Build.0 = Release|Any CPU
		{10CCB169-F5CF-4CDC-9A1C-A3366BD4340F}.Debug|Any CPU.ActiveCfg = Debug|Any CPU
		{10CCB169-F5CF-4CDC-9A1C-A3366BD4340F}.Debug|Any CPU.Build.0 = Debug|Any CPU
		{10CCB169-F5CF-4CDC-9A1C-A3366BD4340F}.Release|Any CPU.ActiveCfg = Release|Any CPU
		{10CCB169-F5CF-4CDC-9A1C-A3366BD4340F}.Release|Any CPU.Build.0 = Release|Any CPU
	EndGlobalSection
	GlobalSection(SolutionProperties) = preSolution
		HideSolutionNode = FALSE
	EndGlobalSection
	GlobalSection(NestedProjects) = preSolution
		{17144FDD-BCBA-4078-87EF-526A0705F7A6} = {719D2965-1612-4496-9526-B717E3D0D36D}
		{0F86519A-986D-4465-A010-18C1FC2EB233} = {95D18DAC-F5E8-4D54-8D8D-A10248F1A9AC}
		{E71D6465-F16A-4F6C-86AD-3E8873243388} = {719D2965-1612-4496-9526-B717E3D0D36D}
		{607EDB6E-07A6-477F-A035-96FB04800F23} = {719D2965-1612-4496-9526-B717E3D0D36D}
		{7A188EA4-E4B1-4C05-8346-A652CF70790C} = {719D2965-1612-4496-9526-B717E3D0D36D}
		{10B3827F-1D13-420A-81A7-1491C6BBFD1D} = {95D18DAC-F5E8-4D54-8D8D-A10248F1A9AC}
		{75CAC069-131B-44B4-A258-657333BD9DFF} = {95D18DAC-F5E8-4D54-8D8D-A10248F1A9AC}
		{26AB2C65-E806-4A5B-83A1-4C3195D6BA4C} = {719D2965-1612-4496-9526-B717E3D0D36D}
		{35F0C1D8-331F-49EB-806C-D55D4E5D2B33} = {719D2965-1612-4496-9526-B717E3D0D36D}
		{10CCB169-F5CF-4CDC-9A1C-A3366BD4340F} = {719D2965-1612-4496-9526-B717E3D0D36D}
	EndGlobalSection
	GlobalSection(ExtensibilityGlobals) = postSolution
		SolutionGuid = {104E09C7-6F6C-4452-B22C-411710E01F29}
	EndGlobalSection
EndGlobal
