
Microsoft Visual Studio Solution File, Format Version 12.00
# Visual Studio Version 16
VisualStudioVersion = 16.0.32428.217
MinimumVisualStudioVersion = 10.0.40219.1
Project("{9A19103F-16F7-4668-BE54-9A1E7A4F7556}") = "HasConversion", "EntityFrameworkCoreHasConversion\HasConversion.csproj", "{17144FDD-BCBA-4078-87EF-526A0705F7A6}"
EndProject
Project("{2150E333-8FDC-42A3-9474-1A3956D46DE8}") = "Solution Items", "Solution Items", "{71D46608-F9E5-46B1-92ED-2BC93D567FD4}"
	ProjectSection(SolutionItems) = preProject
		projectsReadme.md = projectsReadme.md
		readme.md = readme.md
	EndProjectSection
EndProject
Project("{9A19103F-16F7-4668-BE54-9A1E7A4F7556}") = "ConventionalApp", "ConventionalApp\ConventionalApp.csproj", "{0F86519A-986D-4465-A010-18C1FC2EB233}"
EndProject
Project("{9A19103F-16F7-4668-BE54-9A1E7A4F7556}") = "EntityFrameworkApp", "EntityFrameworkApp\EntityFrameworkApp.csproj", "{E71D6465-F16A-4F6C-86AD-3E8873243388}"
EndProject
Project("{2150E333-8FDC-42A3-9474-1A3956D46DE8}") = "Other", "Other", "{626CCD31-18F0-4820-B72E-F003F138B517}"
EndProject
Project("{FAE04EC0-301F-11D3-BF4B-00C04F79EFBC}") = "EF.ValidationResultExample", "EF.ValidationResultExample\EF.ValidationResultExample.csproj", "{607EDB6E-07A6-477F-A035-96FB04800F23}"
EndProject
Project("{FAE04EC0-301F-11D3-BF4B-00C04F79EFBC}") = "Console1", "Console1\Console1.csproj", "{7A188EA4-E4B1-4C05-8346-A652CF70790C}"
EndProject
Global
	GlobalSection(SolutionConfigurationPlatforms) = preSolution
		Debug|Any CPU = Debug|Any CPU
		Release|Any CPU = Release|Any CPU
	EndGlobalSection
	GlobalSection(ProjectConfigurationPlatforms) = postSolution
		{17144FDD-BCBA-4078-87EF-526A0705F7A6}.Debug|Any CPU.ActiveCfg = Debug|Any CPU
		{17144FDD-BCBA-4078-87EF-526A0705F7A6}.Debug|Any CPU.Build.0 = Debug|Any CPU
		{17144FDD-BCBA-4078-87EF-526A0705F7A6}.Release|Any CPU.ActiveCfg = Release|Any CPU
		{17144FDD-BCBA-4078-87EF-526A0705F7A6}.Release|Any CPU.Build.0 = Release|Any CPU
		{0F86519A-986D-4465-A010-18C1FC2EB233}.Debug|Any CPU.ActiveCfg = Debug|Any CPU
		{0F86519A-986D-4465-A010-18C1FC2EB233}.Debug|Any CPU.Build.0 = Debug|Any CPU
		{0F86519A-986D-4465-A010-18C1FC2EB233}.Release|Any CPU.ActiveCfg = Release|Any CPU
		{0F86519A-986D-4465-A010-18C1FC2EB233}.Release|Any CPU.Build.0 = Release|Any CPU
		{E71D6465-F16A-4F6C-86AD-3E8873243388}.Debug|Any CPU.ActiveCfg = Debug|Any CPU
		{E71D6465-F16A-4F6C-86AD-3E8873243388}.Debug|Any CPU.Build.0 = Debug|Any CPU
		{E71D6465-F16A-4F6C-86AD-3E8873243388}.Release|Any CPU.ActiveCfg = Release|Any CPU
		{E71D6465-F16A-4F6C-86AD-3E8873243388}.Release|Any CPU.Build.0 = Release|Any CPU
		{607EDB6E-07A6-477F-A035-96FB04800F23}.Debug|Any CPU.ActiveCfg = Debug|Any CPU
		{607EDB6E-07A6-477F-A035-96FB04800F23}.Debug|Any CPU.Build.0 = Debug|Any CPU
		{607EDB6E-07A6-477F-A035-96FB04800F23}.Release|Any CPU.ActiveCfg = Release|Any CPU
		{607EDB6E-07A6-477F-A035-96FB04800F23}.Release|Any CPU.Build.0 = Release|Any CPU
		{7A188EA4-E4B1-4C05-8346-A652CF70790C}.Debug|Any CPU.ActiveCfg = Debug|Any CPU
		{7A188EA4-E4B1-4C05-8346-A652CF70790C}.Debug|Any CPU.Build.0 = Debug|Any CPU
		{7A188EA4-E4B1-4C05-8346-A652CF70790C}.Release|Any CPU.ActiveCfg = Release|Any CPU
		{7A188EA4-E4B1-4C05-8346-A652CF70790C}.Release|Any CPU.Build.0 = Release|Any CPU
	EndGlobalSection
	GlobalSection(SolutionProperties) = preSolution
		HideSolutionNode = FALSE
	EndGlobalSection
	GlobalSection(NestedProjects) = preSolution
		{607EDB6E-07A6-477F-A035-96FB04800F23} = {626CCD31-18F0-4820-B72E-F003F138B517}
	EndGlobalSection
	GlobalSection(ExtensibilityGlobals) = postSolution
		SolutionGuid = {104E09C7-6F6C-4452-B22C-411710E01F29}
	EndGlobalSection
EndGlobal
